// !$*UTF8*$!
{
	archiveVersion = 1;
	classes = {
	};
	objectVersion = 46;
	objects = {

/* Begin PBXBuildFile section */
		09C13EAED6FBAB52CBED6A75 /* libPods-RSAutoWebView.a in Frameworks */ = {isa = PBXBuildFile; fileRef = 2D3895C26EAD8258FE864678 /* libPods-RSAutoWebView.a */; };
		34466A3C1EEA89C9005FF082 /* main.m in Sources */ = {isa = PBXBuildFile; fileRef = 34466A3B1EEA89C9005FF082 /* main.m */; };
		34466A3F1EEA89C9005FF082 /* AppDelegate.m in Sources */ = {isa = PBXBuildFile; fileRef = 34466A3E1EEA89C9005FF082 /* AppDelegate.m */; };
		34466A451EEA89C9005FF082 /* Main.storyboard in Resources */ = {isa = PBXBuildFile; fileRef = 34466A431EEA89C9005FF082 /* Main.storyboard */; };
		34466A471EEA89C9005FF082 /* Assets.xcassets in Resources */ = {isa = PBXBuildFile; fileRef = 34466A461EEA89C9005FF082 /* Assets.xcassets */; };
		34466A4A1EEA89C9005FF082 /* LaunchScreen.storyboard in Resources */ = {isa = PBXBuildFile; fileRef = 34466A481EEA89C9005FF082 /* LaunchScreen.storyboard */; };
		34466A551EEA89CA005FF082 /* RSAutoWebViewTests.m in Sources */ = {isa = PBXBuildFile; fileRef = 34466A541EEA89CA005FF082 /* RSAutoWebViewTests.m */; };
		34466A601EEA89CA005FF082 /* RSAutoWebViewUITests.m in Sources */ = {isa = PBXBuildFile; fileRef = 34466A5F1EEA89CA005FF082 /* RSAutoWebViewUITests.m */; };
		34466A881EEA994B005FF082 /* WebKit.framework in Frameworks */ = {isa = PBXBuildFile; fileRef = 34466A871EEA994B005FF082 /* WebKit.framework */; };
		3458B2B31F4C1A4F0074D2E8 /* Info.plist in Resources */ = {isa = PBXBuildFile; fileRef = 3458B2A11F4C1A4F0074D2E8 /* Info.plist */; };
		3458B2B41F4C1A4F0074D2E8 /* SonicCache.m in Sources */ = {isa = PBXBuildFile; fileRef = 3458B2A41F4C1A4F0074D2E8 /* SonicCache.m */; };
		3458B2B51F4C1A4F0074D2E8 /* SonicCacheItem.m in Sources */ = {isa = PBXBuildFile; fileRef = 3458B2A61F4C1A4F0074D2E8 /* SonicCacheItem.m */; };
		3458B2B61F4C1A4F0074D2E8 /* SonicClient.m in Sources */ = {isa = PBXBuildFile; fileRef = 3458B2A81F4C1A4F0074D2E8 /* SonicClient.m */; };
		3458B2B71F4C1A4F0074D2E8 /* SonicConnection.m in Sources */ = {isa = PBXBuildFile; fileRef = 3458B2AA1F4C1A4F0074D2E8 /* SonicConnection.m */; };
		3458B2B81F4C1A4F0074D2E8 /* SonicSession.m in Sources */ = {isa = PBXBuildFile; fileRef = 3458B2AE1F4C1A4F0074D2E8 /* SonicSession.m */; };
		3458B2B91F4C1A4F0074D2E8 /* SonicUitil.m in Sources */ = {isa = PBXBuildFile; fileRef = 3458B2B01F4C1A4F0074D2E8 /* SonicUitil.m */; };
		3458B2BA1F4C1A4F0074D2E8 /* SonicURLProtocol.m in Sources */ = {isa = PBXBuildFile; fileRef = 3458B2B21F4C1A4F0074D2E8 /* SonicURLProtocol.m */; };
		3458B2C41F4C1A5F0074D2E8 /* main.html in Resources */ = {isa = PBXBuildFile; fileRef = 3458B2BD1F4C1A5F0074D2E8 /* main.html */; };
		3458B2C51F4C1A5F0074D2E8 /* SonicJSContext.m in Sources */ = {isa = PBXBuildFile; fileRef = 3458B2BF1F4C1A5F0074D2E8 /* SonicJSContext.m */; };
		3458B2C61F4C1A5F0074D2E8 /* SonicOfflineCacheConnection.m in Sources */ = {isa = PBXBuildFile; fileRef = 3458B2C11F4C1A5F0074D2E8 /* SonicOfflineCacheConnection.m */; };
		3458B2C71F4C1A5F0074D2E8 /* SonicWebViewController.m in Sources */ = {isa = PBXBuildFile; fileRef = 3458B2C31F4C1A5F0074D2E8 /* SonicWebViewController.m */; };
		34B53F4A1F0E2DA400B83901 /* TableViewController.m in Sources */ = {isa = PBXBuildFile; fileRef = 34B53F491F0E2DA400B83901 /* TableViewController.m */; };
		34DCADEE1F06204B0034F681 /* RSAutoWebView.m in Sources */ = {isa = PBXBuildFile; fileRef = 34DCADE81F06204B0034F681 /* RSAutoWebView.m */; };
		34DCADEF1F06204B0034F681 /* RSWKCookieSyncManager.m in Sources */ = {isa = PBXBuildFile; fileRef = 34DCADEA1F06204B0034F681 /* RSWKCookieSyncManager.m */; };
		34DCADF01F06204B0034F681 /* RSUWWebViewProgress.m in Sources */ = {isa = PBXBuildFile; fileRef = 34DCADED1F06204B0034F681 /* RSUWWebViewProgress.m */; };
		34DCADF71F0620680034F681 /* QZBaseWebViewController.m in Sources */ = {isa = PBXBuildFile; fileRef = 34DCADF51F0620680034F681 /* QZBaseWebViewController.m */; };
		706B00AC8877639E31F694D0 /* libPods-RSAutoWebViewUITests.a in Frameworks */ = {isa = PBXBuildFile; fileRef = 7A20C45A404674004D8FEA7A /* libPods-RSAutoWebViewUITests.a */; };
		D9432DBCD7E753089E6030D9 /* libPods-RSAutoWebViewTests.a in Frameworks */ = {isa = PBXBuildFile; fileRef = F07D40D75A602CC5E9BE3679 /* libPods-RSAutoWebViewTests.a */; };
/* End PBXBuildFile section */

/* Begin PBXContainerItemProxy section */
		34466A511EEA89CA005FF082 /* PBXContainerItemProxy */ = {
			isa = PBXContainerItemProxy;
			containerPortal = 34466A2F1EEA89C9005FF082 /* Project object */;
			proxyType = 1;
			remoteGlobalIDString = 34466A361EEA89C9005FF082;
			remoteInfo = RSAutoWebView;
		};
		34466A5C1EEA89CA005FF082 /* PBXContainerItemProxy */ = {
			isa = PBXContainerItemProxy;
			containerPortal = 34466A2F1EEA89C9005FF082 /* Project object */;
			proxyType = 1;
			remoteGlobalIDString = 34466A361EEA89C9005FF082;
			remoteInfo = RSAutoWebView;
		};
/* End PBXContainerItemProxy section */

/* Begin PBXFileReference section */
		2D3895C26EAD8258FE864678 /* libPods-RSAutoWebView.a */ = {isa = PBXFileReference; explicitFileType = archive.ar; includeInIndex = 0; path = "libPods-RSAutoWebView.a"; sourceTree = BUILT_PRODUCTS_DIR; };
		2EA72C7F6CC8792F7604B6E7 /* Pods-RSAutoWebViewTests.release.xcconfig */ = {isa = PBXFileReference; includeInIndex = 1; lastKnownFileType = text.xcconfig; name = "Pods-RSAutoWebViewTests.release.xcconfig"; path = "Pods/Target Support Files/Pods-RSAutoWebViewTests/Pods-RSAutoWebViewTests.release.xcconfig"; sourceTree = "<group>"; };
		2F53A89590FF024F80E82289 /* Pods-RSAutoWebViewTests.debug.xcconfig */ = {isa = PBXFileReference; includeInIndex = 1; lastKnownFileType = text.xcconfig; name = "Pods-RSAutoWebViewTests.debug.xcconfig"; path = "Pods/Target Support Files/Pods-RSAutoWebViewTests/Pods-RSAutoWebViewTests.debug.xcconfig"; sourceTree = "<group>"; };
		34466A371EEA89C9005FF082 /* RSAutoWebView.app */ = {isa = PBXFileReference; explicitFileType = wrapper.application; includeInIndex = 0; path = RSAutoWebView.app; sourceTree = BUILT_PRODUCTS_DIR; };
		34466A3B1EEA89C9005FF082 /* main.m */ = {isa = PBXFileReference; lastKnownFileType = sourcecode.c.objc; path = main.m; sourceTree = "<group>"; };
		34466A3D1EEA89C9005FF082 /* AppDelegate.h */ = {isa = PBXFileReference; lastKnownFileType = sourcecode.c.h; path = AppDelegate.h; sourceTree = "<group>"; };
		34466A3E1EEA89C9005FF082 /* AppDelegate.m */ = {isa = PBXFileReference; lastKnownFileType = sourcecode.c.objc; path = AppDelegate.m; sourceTree = "<group>"; };
		34466A441EEA89C9005FF082 /* Base */ = {isa = PBXFileReference; lastKnownFileType = file.storyboard; name = Base; path = Base.lproj/Main.storyboard; sourceTree = "<group>"; };
		34466A461EEA89C9005FF082 /* Assets.xcassets */ = {isa = PBXFileReference; lastKnownFileType = folder.assetcatalog; path = Assets.xcassets; sourceTree = "<group>"; };
		34466A491EEA89C9005FF082 /* Base */ = {isa = PBXFileReference; lastKnownFileType = file.storyboard; name = Base; path = Base.lproj/LaunchScreen.storyboard; sourceTree = "<group>"; };
		34466A4B1EEA89C9005FF082 /* Info.plist */ = {isa = PBXFileReference; lastKnownFileType = text.plist.xml; path = Info.plist; sourceTree = "<group>"; };
		34466A501EEA89CA005FF082 /* RSAutoWebViewTests.xctest */ = {isa = PBXFileReference; explicitFileType = wrapper.cfbundle; includeInIndex = 0; path = RSAutoWebViewTests.xctest; sourceTree = BUILT_PRODUCTS_DIR; };
		34466A541EEA89CA005FF082 /* RSAutoWebViewTests.m */ = {isa = PBXFileReference; lastKnownFileType = sourcecode.c.objc; path = RSAutoWebViewTests.m; sourceTree = "<group>"; };
		34466A561EEA89CA005FF082 /* Info.plist */ = {isa = PBXFileReference; lastKnownFileType = text.plist.xml; path = Info.plist; sourceTree = "<group>"; };
		34466A5B1EEA89CA005FF082 /* RSAutoWebViewUITests.xctest */ = {isa = PBXFileReference; explicitFileType = wrapper.cfbundle; includeInIndex = 0; path = RSAutoWebViewUITests.xctest; sourceTree = BUILT_PRODUCTS_DIR; };
		34466A5F1EEA89CA005FF082 /* RSAutoWebViewUITests.m */ = {isa = PBXFileReference; lastKnownFileType = sourcecode.c.objc; path = RSAutoWebViewUITests.m; sourceTree = "<group>"; };
		34466A611EEA89CA005FF082 /* Info.plist */ = {isa = PBXFileReference; lastKnownFileType = text.plist.xml; path = Info.plist; sourceTree = "<group>"; };
		34466A871EEA994B005FF082 /* WebKit.framework */ = {isa = PBXFileReference; lastKnownFileType = wrapper.framework; name = WebKit.framework; path = System/Library/Frameworks/WebKit.framework; sourceTree = SDKROOT; };
		3458B2A11F4C1A4F0074D2E8 /* Info.plist */ = {isa = PBXFileReference; fileEncoding = 4; lastKnownFileType = text.plist.xml; path = Info.plist; sourceTree = "<group>"; };
		3458B2A21F4C1A4F0074D2E8 /* Sonic.h */ = {isa = PBXFileReference; fileEncoding = 4; lastKnownFileType = sourcecode.c.h; path = Sonic.h; sourceTree = "<group>"; };
		3458B2A31F4C1A4F0074D2E8 /* SonicCache.h */ = {isa = PBXFileReference; fileEncoding = 4; lastKnownFileType = sourcecode.c.h; path = SonicCache.h; sourceTree = "<group>"; };
		3458B2A41F4C1A4F0074D2E8 /* SonicCache.m */ = {isa = PBXFileReference; fileEncoding = 4; lastKnownFileType = sourcecode.c.objc; path = SonicCache.m; sourceTree = "<group>"; };
		3458B2A51F4C1A4F0074D2E8 /* SonicCacheItem.h */ = {isa = PBXFileReference; fileEncoding = 4; lastKnownFileType = sourcecode.c.h; path = SonicCacheItem.h; sourceTree = "<group>"; };
		3458B2A61F4C1A4F0074D2E8 /* SonicCacheItem.m */ = {isa = PBXFileReference; fileEncoding = 4; lastKnownFileType = sourcecode.c.objc; path = SonicCacheItem.m; sourceTree = "<group>"; };
		3458B2A71F4C1A4F0074D2E8 /* SonicClient.h */ = {isa = PBXFileReference; fileEncoding = 4; lastKnownFileType = sourcecode.c.h; path = SonicClient.h; sourceTree = "<group>"; };
		3458B2A81F4C1A4F0074D2E8 /* SonicClient.m */ = {isa = PBXFileReference; fileEncoding = 4; lastKnownFileType = sourcecode.c.objc; path = SonicClient.m; sourceTree = "<group>"; };
		3458B2A91F4C1A4F0074D2E8 /* SonicConnection.h */ = {isa = PBXFileReference; fileEncoding = 4; lastKnownFileType = sourcecode.c.h; path = SonicConnection.h; sourceTree = "<group>"; };
		3458B2AA1F4C1A4F0074D2E8 /* SonicConnection.m */ = {isa = PBXFileReference; fileEncoding = 4; lastKnownFileType = sourcecode.c.objc; path = SonicConnection.m; sourceTree = "<group>"; };
		3458B2AB1F4C1A4F0074D2E8 /* SonicConstants.h */ = {isa = PBXFileReference; fileEncoding = 4; lastKnownFileType = sourcecode.c.h; path = SonicConstants.h; sourceTree = "<group>"; };
		3458B2AC1F4C1A4F0074D2E8 /* SonicProtocol.h */ = {isa = PBXFileReference; fileEncoding = 4; lastKnownFileType = sourcecode.c.h; path = SonicProtocol.h; sourceTree = "<group>"; };
		3458B2AD1F4C1A4F0074D2E8 /* SonicSession.h */ = {isa = PBXFileReference; fileEncoding = 4; lastKnownFileType = sourcecode.c.h; path = SonicSession.h; sourceTree = "<group>"; };
		3458B2AE1F4C1A4F0074D2E8 /* SonicSession.m */ = {isa = PBXFileReference; fileEncoding = 4; lastKnownFileType = sourcecode.c.objc; path = SonicSession.m; sourceTree = "<group>"; };
		3458B2AF1F4C1A4F0074D2E8 /* SonicUitil.h */ = {isa = PBXFileReference; fileEncoding = 4; lastKnownFileType = sourcecode.c.h; path = SonicUitil.h; sourceTree = "<group>"; };
		3458B2B01F4C1A4F0074D2E8 /* SonicUitil.m */ = {isa = PBXFileReference; fileEncoding = 4; lastKnownFileType = sourcecode.c.objc; path = SonicUitil.m; sourceTree = "<group>"; };
		3458B2B11F4C1A4F0074D2E8 /* SonicURLProtocol.h */ = {isa = PBXFileReference; fileEncoding = 4; lastKnownFileType = sourcecode.c.h; path = SonicURLProtocol.h; sourceTree = "<group>"; };
		3458B2B21F4C1A4F0074D2E8 /* SonicURLProtocol.m */ = {isa = PBXFileReference; fileEncoding = 4; lastKnownFileType = sourcecode.c.objc; path = SonicURLProtocol.m; sourceTree = "<group>"; };
		3458B2BD1F4C1A5F0074D2E8 /* main.html */ = {isa = PBXFileReference; fileEncoding = 4; lastKnownFileType = text.html; path = main.html; sourceTree = "<group>"; };
		3458B2BE1F4C1A5F0074D2E8 /* SonicJSContext.h */ = {isa = PBXFileReference; fileEncoding = 4; lastKnownFileType = sourcecode.c.h; path = SonicJSContext.h; sourceTree = "<group>"; };
		3458B2BF1F4C1A5F0074D2E8 /* SonicJSContext.m */ = {isa = PBXFileReference; fileEncoding = 4; lastKnownFileType = sourcecode.c.objc; path = SonicJSContext.m; sourceTree = "<group>"; };
		3458B2C01F4C1A5F0074D2E8 /* SonicOfflineCacheConnection.h */ = {isa = PBXFileReference; fileEncoding = 4; lastKnownFileType = sourcecode.c.h; path = SonicOfflineCacheConnection.h; sourceTree = "<group>"; };
		3458B2C11F4C1A5F0074D2E8 /* SonicOfflineCacheConnection.m */ = {isa = PBXFileReference; fileEncoding = 4; lastKnownFileType = sourcecode.c.objc; path = SonicOfflineCacheConnection.m; sourceTree = "<group>"; };
		3458B2C21F4C1A5F0074D2E8 /* SonicWebViewController.h */ = {isa = PBXFileReference; fileEncoding = 4; lastKnownFileType = sourcecode.c.h; path = SonicWebViewController.h; sourceTree = "<group>"; };
		3458B2C31F4C1A5F0074D2E8 /* SonicWebViewController.m */ = {isa = PBXFileReference; fileEncoding = 4; lastKnownFileType = sourcecode.c.objc; path = SonicWebViewController.m; sourceTree = "<group>"; };
		34B53F481F0E2DA400B83901 /* TableViewController.h */ = {isa = PBXFileReference; fileEncoding = 4; lastKnownFileType = sourcecode.c.h; path = TableViewController.h; sourceTree = "<group>"; };
		34B53F491F0E2DA400B83901 /* TableViewController.m */ = {isa = PBXFileReference; fileEncoding = 4; lastKnownFileType = sourcecode.c.objc; path = TableViewController.m; sourceTree = "<group>"; };
		34DCADE71F06204B0034F681 /* RSAutoWebView.h */ = {isa = PBXFileReference; fileEncoding = 4; lastKnownFileType = sourcecode.c.h; path = RSAutoWebView.h; sourceTree = "<group>"; };
		34DCADE81F06204B0034F681 /* RSAutoWebView.m */ = {isa = PBXFileReference; fileEncoding = 4; lastKnownFileType = sourcecode.c.objc; path = RSAutoWebView.m; sourceTree = "<group>"; };
		34DCADE91F06204B0034F681 /* RSWKCookieSyncManager.h */ = {isa = PBXFileReference; fileEncoding = 4; lastKnownFileType = sourcecode.c.h; path = RSWKCookieSyncManager.h; sourceTree = "<group>"; };
		34DCADEA1F06204B0034F681 /* RSWKCookieSyncManager.m */ = {isa = PBXFileReference; fileEncoding = 4; lastKnownFileType = sourcecode.c.objc; path = RSWKCookieSyncManager.m; sourceTree = "<group>"; };
		34DCADEC1F06204B0034F681 /* RSUWWebViewProgress.h */ = {isa = PBXFileReference; fileEncoding = 4; lastKnownFileType = sourcecode.c.h; path = RSUWWebViewProgress.h; sourceTree = "<group>"; };
		34DCADED1F06204B0034F681 /* RSUWWebViewProgress.m */ = {isa = PBXFileReference; fileEncoding = 4; lastKnownFileType = sourcecode.c.objc; path = RSUWWebViewProgress.m; sourceTree = "<group>"; };
		34DCADF41F0620680034F681 /* QZBaseWebViewController.h */ = {isa = PBXFileReference; fileEncoding = 4; lastKnownFileType = sourcecode.c.h; path = QZBaseWebViewController.h; sourceTree = "<group>"; };
		34DCADF51F0620680034F681 /* QZBaseWebViewController.m */ = {isa = PBXFileReference; fileEncoding = 4; lastKnownFileType = sourcecode.c.objc; path = QZBaseWebViewController.m; sourceTree = "<group>"; };
		497F97AD4902D7F994EFEF6A /* Pods-RSAutoWebView.debug.xcconfig */ = {isa = PBXFileReference; includeInIndex = 1; lastKnownFileType = text.xcconfig; name = "Pods-RSAutoWebView.debug.xcconfig"; path = "Pods/Target Support Files/Pods-RSAutoWebView/Pods-RSAutoWebView.debug.xcconfig"; sourceTree = "<group>"; };
		7067E46E63B1ACF5E406875A /* Pods-RSAutoWebViewUITests.release.xcconfig */ = {isa = PBXFileReference; includeInIndex = 1; lastKnownFileType = text.xcconfig; name = "Pods-RSAutoWebViewUITests.release.xcconfig"; path = "Pods/Target Support Files/Pods-RSAutoWebViewUITests/Pods-RSAutoWebViewUITests.release.xcconfig"; sourceTree = "<group>"; };
		7A20C45A404674004D8FEA7A /* libPods-RSAutoWebViewUITests.a */ = {isa = PBXFileReference; explicitFileType = archive.ar; includeInIndex = 0; path = "libPods-RSAutoWebViewUITests.a"; sourceTree = BUILT_PRODUCTS_DIR; };
		B73D7D40C5E24E90E1E5F338 /* Pods-RSAutoWebViewUITests.debug.xcconfig */ = {isa = PBXFileReference; includeInIndex = 1; lastKnownFileType = text.xcconfig; name = "Pods-RSAutoWebViewUITests.debug.xcconfig"; path = "Pods/Target Support Files/Pods-RSAutoWebViewUITests/Pods-RSAutoWebViewUITests.debug.xcconfig"; sourceTree = "<group>"; };
		C28BE0F9CB84CE5785265CD8 /* Pods-RSAutoWebView.release.xcconfig */ = {isa = PBXFileReference; includeInIndex = 1; lastKnownFileType = text.xcconfig; name = "Pods-RSAutoWebView.release.xcconfig"; path = "Pods/Target Support Files/Pods-RSAutoWebView/Pods-RSAutoWebView.release.xcconfig"; sourceTree = "<group>"; };
		F07D40D75A602CC5E9BE3679 /* libPods-RSAutoWebViewTests.a */ = {isa = PBXFileReference; explicitFileType = archive.ar; includeInIndex = 0; path = "libPods-RSAutoWebViewTests.a"; sourceTree = BUILT_PRODUCTS_DIR; };
/* End PBXFileReference section */

/* Begin PBXFrameworksBuildPhase section */
		34466A341EEA89C9005FF082 /* Frameworks */ = {
			isa = PBXFrameworksBuildPhase;
			buildActionMask = 2147483647;
			files = (
				34466A881EEA994B005FF082 /* WebKit.framework in Frameworks */,
				09C13EAED6FBAB52CBED6A75 /* libPods-RSAutoWebView.a in Frameworks */,
			);
			runOnlyForDeploymentPostprocessing = 0;
		};
		34466A4D1EEA89CA005FF082 /* Frameworks */ = {
			isa = PBXFrameworksBuildPhase;
			buildActionMask = 2147483647;
			files = (
				D9432DBCD7E753089E6030D9 /* libPods-RSAutoWebViewTests.a in Frameworks */,
			);
			runOnlyForDeploymentPostprocessing = 0;
		};
		34466A581EEA89CA005FF082 /* Frameworks */ = {
			isa = PBXFrameworksBuildPhase;
			buildActionMask = 2147483647;
			files = (
				706B00AC8877639E31F694D0 /* libPods-RSAutoWebViewUITests.a in Frameworks */,
			);
			runOnlyForDeploymentPostprocessing = 0;
		};
/* End PBXFrameworksBuildPhase section */

/* Begin PBXGroup section */
		151487FF80F98DD94857630B /* Pods */ = {
			isa = PBXGroup;
			children = (
				497F97AD4902D7F994EFEF6A /* Pods-RSAutoWebView.debug.xcconfig */,
				C28BE0F9CB84CE5785265CD8 /* Pods-RSAutoWebView.release.xcconfig */,
				2F53A89590FF024F80E82289 /* Pods-RSAutoWebViewTests.debug.xcconfig */,
				2EA72C7F6CC8792F7604B6E7 /* Pods-RSAutoWebViewTests.release.xcconfig */,
				B73D7D40C5E24E90E1E5F338 /* Pods-RSAutoWebViewUITests.debug.xcconfig */,
				7067E46E63B1ACF5E406875A /* Pods-RSAutoWebViewUITests.release.xcconfig */,
			);
			name = Pods;
			sourceTree = "<group>";
		};
		34466A2E1EEA89C9005FF082 = {
			isa = PBXGroup;
			children = (
				34466A391EEA89C9005FF082 /* RSAutoWebView */,
				34466A531EEA89CA005FF082 /* RSAutoWebViewTests */,
				34466A5E1EEA89CA005FF082 /* RSAutoWebViewUITests */,
				34466A381EEA89C9005FF082 /* Products */,
				34466A861EEA994B005FF082 /* Frameworks */,
				151487FF80F98DD94857630B /* Pods */,
			);
			sourceTree = "<group>";
		};
		34466A381EEA89C9005FF082 /* Products */ = {
			isa = PBXGroup;
			children = (
				34466A371EEA89C9005FF082 /* RSAutoWebView.app */,
				34466A501EEA89CA005FF082 /* RSAutoWebViewTests.xctest */,
				34466A5B1EEA89CA005FF082 /* RSAutoWebViewUITests.xctest */,
			);
			name = Products;
			sourceTree = "<group>";
		};
		34466A391EEA89C9005FF082 /* RSAutoWebView */ = {
			isa = PBXGroup;
			children = (
				34466A3D1EEA89C9005FF082 /* AppDelegate.h */,
				34466A3E1EEA89C9005FF082 /* AppDelegate.m */,
				34DCADF11F0620680034F681 /* BaseViewController */,
				34B53F481F0E2DA400B83901 /* TableViewController.h */,
				34B53F491F0E2DA400B83901 /* TableViewController.m */,
				3458B2A01F4C1A4F0074D2E8 /* Sonic */,
				34DCADE61F06204B0034F681 /* RSAutoWebView */,
				34466A431EEA89C9005FF082 /* Main.storyboard */,
				34466A461EEA89C9005FF082 /* Assets.xcassets */,
				34466A481EEA89C9005FF082 /* LaunchScreen.storyboard */,
				34466A4B1EEA89C9005FF082 /* Info.plist */,
				34466A3A1EEA89C9005FF082 /* Supporting Files */,
			);
			path = RSAutoWebView;
			sourceTree = "<group>";
		};
		34466A3A1EEA89C9005FF082 /* Supporting Files */ = {
			isa = PBXGroup;
			children = (
				34466A3B1EEA89C9005FF082 /* main.m */,
			);
			name = "Supporting Files";
			sourceTree = "<group>";
		};
		34466A531EEA89CA005FF082 /* RSAutoWebViewTests */ = {
			isa = PBXGroup;
			children = (
				34466A541EEA89CA005FF082 /* RSAutoWebViewTests.m */,
				34466A561EEA89CA005FF082 /* Info.plist */,
			);
			path = RSAutoWebViewTests;
			sourceTree = "<group>";
		};
		34466A5E1EEA89CA005FF082 /* RSAutoWebViewUITests */ = {
			isa = PBXGroup;
			children = (
				34466A5F1EEA89CA005FF082 /* RSAutoWebViewUITests.m */,
				34466A611EEA89CA005FF082 /* Info.plist */,
			);
			path = RSAutoWebViewUITests;
			sourceTree = "<group>";
		};
		34466A861EEA994B005FF082 /* Frameworks */ = {
			isa = PBXGroup;
			children = (
				34466A871EEA994B005FF082 /* WebKit.framework */,
				2D3895C26EAD8258FE864678 /* libPods-RSAutoWebView.a */,
				F07D40D75A602CC5E9BE3679 /* libPods-RSAutoWebViewTests.a */,
				7A20C45A404674004D8FEA7A /* libPods-RSAutoWebViewUITests.a */,
			);
			name = Frameworks;
			sourceTree = "<group>";
		};
		3458B2A01F4C1A4F0074D2E8 /* Sonic */ = {
			isa = PBXGroup;
			children = (
				3458B2BB1F4C1A5F0074D2E8 /* SonicConfiguration */,
				3458B2A11F4C1A4F0074D2E8 /* Info.plist */,
				3458B2A21F4C1A4F0074D2E8 /* Sonic.h */,
				3458B2A31F4C1A4F0074D2E8 /* SonicCache.h */,
				3458B2A41F4C1A4F0074D2E8 /* SonicCache.m */,
				3458B2A51F4C1A4F0074D2E8 /* SonicCacheItem.h */,
				3458B2A61F4C1A4F0074D2E8 /* SonicCacheItem.m */,
				3458B2A71F4C1A4F0074D2E8 /* SonicClient.h */,
				3458B2A81F4C1A4F0074D2E8 /* SonicClient.m */,
				3458B2A91F4C1A4F0074D2E8 /* SonicConnection.h */,
				3458B2AA1F4C1A4F0074D2E8 /* SonicConnection.m */,
				3458B2AB1F4C1A4F0074D2E8 /* SonicConstants.h */,
				3458B2AC1F4C1A4F0074D2E8 /* SonicProtocol.h */,
				3458B2AD1F4C1A4F0074D2E8 /* SonicSession.h */,
				3458B2AE1F4C1A4F0074D2E8 /* SonicSession.m */,
				3458B2AF1F4C1A4F0074D2E8 /* SonicUitil.h */,
				3458B2B01F4C1A4F0074D2E8 /* SonicUitil.m */,
				3458B2B11F4C1A4F0074D2E8 /* SonicURLProtocol.h */,
				3458B2B21F4C1A4F0074D2E8 /* SonicURLProtocol.m */,
			);
			path = Sonic;
			sourceTree = "<group>";
		};
		3458B2BB1F4C1A5F0074D2E8 /* SonicConfiguration */ = {
			isa = PBXGroup;
			children = (
				3458B2BC1F4C1A5F0074D2E8 /* offline */,
				3458B2BE1F4C1A5F0074D2E8 /* SonicJSContext.h */,
				3458B2BF1F4C1A5F0074D2E8 /* SonicJSContext.m */,
				3458B2C01F4C1A5F0074D2E8 /* SonicOfflineCacheConnection.h */,
				3458B2C11F4C1A5F0074D2E8 /* SonicOfflineCacheConnection.m */,
				3458B2C21F4C1A5F0074D2E8 /* SonicWebViewController.h */,
				3458B2C31F4C1A5F0074D2E8 /* SonicWebViewController.m */,
			);
			path = SonicConfiguration;
			sourceTree = "<group>";
		};
		3458B2BC1F4C1A5F0074D2E8 /* offline */ = {
			isa = PBXGroup;
			children = (
				3458B2BD1F4C1A5F0074D2E8 /* main.html */,
			);
			path = offline;
			sourceTree = "<group>";
		};
		34DCADE61F06204B0034F681 /* RSAutoWebView */ = {
			isa = PBXGroup;
			children = (
				34DCADE71F06204B0034F681 /* RSAutoWebView.h */,
				34DCADE81F06204B0034F681 /* RSAutoWebView.m */,
				34DCADE91F06204B0034F681 /* RSWKCookieSyncManager.h */,
				34DCADEA1F06204B0034F681 /* RSWKCookieSyncManager.m */,
				34DCADEB1F06204B0034F681 /* WebViewProgress */,
			);
			path = RSAutoWebView;
			sourceTree = "<group>";
		};
		34DCADEB1F06204B0034F681 /* WebViewProgress */ = {
			isa = PBXGroup;
			children = (
				34DCADEC1F06204B0034F681 /* RSUWWebViewProgress.h */,
				34DCADED1F06204B0034F681 /* RSUWWebViewProgress.m */,
			);
			path = WebViewProgress;
			sourceTree = "<group>";
		};
		34DCADF11F0620680034F681 /* BaseViewController */ = {
			isa = PBXGroup;
			children = (
				34DCADF41F0620680034F681 /* QZBaseWebViewController.h */,
				34DCADF51F0620680034F681 /* QZBaseWebViewController.m */,
			);
			path = BaseViewController;
			sourceTree = "<group>";
		};
/* End PBXGroup section */

/* Begin PBXNativeTarget section */
		34466A361EEA89C9005FF082 /* RSAutoWebView */ = {
			isa = PBXNativeTarget;
			buildConfigurationList = 34466A641EEA89CA005FF082 /* Build configuration list for PBXNativeTarget "RSAutoWebView" */;
			buildPhases = (
				9C9C7B3BF8D40CE4A2D3ED9D /* [CP] Check Pods Manifest.lock */,
				34466A331EEA89C9005FF082 /* Sources */,
				34466A341EEA89C9005FF082 /* Frameworks */,
				34466A351EEA89C9005FF082 /* Resources */,
				FF27842061697639DF78AA8B /* [CP] Embed Pods Frameworks */,
				FBD370089280BE343D1FFA95 /* [CP] Copy Pods Resources */,
			);
			buildRules = (
			);
			dependencies = (
			);
			name = RSAutoWebView;
			productName = RSAutoWebView;
			productReference = 34466A371EEA89C9005FF082 /* RSAutoWebView.app */;
			productType = "com.apple.product-type.application";
		};
		34466A4F1EEA89CA005FF082 /* RSAutoWebViewTests */ = {
			isa = PBXNativeTarget;
			buildConfigurationList = 34466A671EEA89CA005FF082 /* Build configuration list for PBXNativeTarget "RSAutoWebViewTests" */;
			buildPhases = (
				A5697F3A8CA6E62B6CE2E497 /* [CP] Check Pods Manifest.lock */,
				34466A4C1EEA89CA005FF082 /* Sources */,
				34466A4D1EEA89CA005FF082 /* Frameworks */,
				34466A4E1EEA89CA005FF082 /* Resources */,
				1B94AEEE54BAAD180412999B /* [CP] Embed Pods Frameworks */,
				F870189B86EB2937A1792609 /* [CP] Copy Pods Resources */,
			);
			buildRules = (
			);
			dependencies = (
				34466A521EEA89CA005FF082 /* PBXTargetDependency */,
			);
			name = RSAutoWebViewTests;
			productName = RSAutoWebViewTests;
			productReference = 34466A501EEA89CA005FF082 /* RSAutoWebViewTests.xctest */;
			productType = "com.apple.product-type.bundle.unit-test";
		};
		34466A5A1EEA89CA005FF082 /* RSAutoWebViewUITests */ = {
			isa = PBXNativeTarget;
			buildConfigurationList = 34466A6A1EEA89CA005FF082 /* Build configuration list for PBXNativeTarget "RSAutoWebViewUITests" */;
			buildPhases = (
				992F286B3287EA22DE67B8FB /* [CP] Check Pods Manifest.lock */,
				34466A571EEA89CA005FF082 /* Sources */,
				34466A581EEA89CA005FF082 /* Frameworks */,
				34466A591EEA89CA005FF082 /* Resources */,
				2E955D96C350F0AE431DAA17 /* [CP] Embed Pods Frameworks */,
				F15C555CB44709B52BF65C0C /* [CP] Copy Pods Resources */,
			);
			buildRules = (
			);
			dependencies = (
				34466A5D1EEA89CA005FF082 /* PBXTargetDependency */,
			);
			name = RSAutoWebViewUITests;
			productName = RSAutoWebViewUITests;
			productReference = 34466A5B1EEA89CA005FF082 /* RSAutoWebViewUITests.xctest */;
			productType = "com.apple.product-type.bundle.ui-testing";
		};
/* End PBXNativeTarget section */

/* Begin PBXProject section */
		34466A2F1EEA89C9005FF082 /* Project object */ = {
			isa = PBXProject;
			attributes = {
				LastUpgradeCheck = 0830;
				ORGANIZATIONNAME = StevenXie;
				TargetAttributes = {
					34466A361EEA89C9005FF082 = {
						CreatedOnToolsVersion = 8.3;
						DevelopmentTeam = 7QT42R489Z;
						ProvisioningStyle = Automatic;
					};
					34466A4F1EEA89CA005FF082 = {
						CreatedOnToolsVersion = 8.3;
						ProvisioningStyle = Automatic;
						TestTargetID = 34466A361EEA89C9005FF082;
					};
					34466A5A1EEA89CA005FF082 = {
						CreatedOnToolsVersion = 8.3;
						ProvisioningStyle = Automatic;
						TestTargetID = 34466A361EEA89C9005FF082;
					};
				};
			};
			buildConfigurationList = 34466A321EEA89C9005FF082 /* Build configuration list for PBXProject "RSAutoWebView" */;
			compatibilityVersion = "Xcode 3.2";
			developmentRegion = English;
			hasScannedForEncodings = 0;
			knownRegions = (
				en,
				Base,
			);
			mainGroup = 34466A2E1EEA89C9005FF082;
			productRefGroup = 34466A381EEA89C9005FF082 /* Products */;
			projectDirPath = "";
			projectRoot = "";
			targets = (
				34466A361EEA89C9005FF082 /* RSAutoWebView */,
				34466A4F1EEA89CA005FF082 /* RSAutoWebViewTests */,
				34466A5A1EEA89CA005FF082 /* RSAutoWebViewUITests */,
			);
		};
/* End PBXProject section */

/* Begin PBXResourcesBuildPhase section */
		34466A351EEA89C9005FF082 /* Resources */ = {
			isa = PBXResourcesBuildPhase;
			buildActionMask = 2147483647;
			files = (
				3458B2B31F4C1A4F0074D2E8 /* Info.plist in Resources */,
				3458B2C41F4C1A5F0074D2E8 /* main.html in Resources */,
				34466A4A1EEA89C9005FF082 /* LaunchScreen.storyboard in Resources */,
				34466A471EEA89C9005FF082 /* Assets.xcassets in Resources */,
				34466A451EEA89C9005FF082 /* Main.storyboard in Resources */,
			);
			runOnlyForDeploymentPostprocessing = 0;
		};
		34466A4E1EEA89CA005FF082 /* Resources */ = {
			isa = PBXResourcesBuildPhase;
			buildActionMask = 2147483647;
			files = (
			);
			runOnlyForDeploymentPostprocessing = 0;
		};
		34466A591EEA89CA005FF082 /* Resources */ = {
			isa = PBXResourcesBuildPhase;
			buildActionMask = 2147483647;
			files = (
			);
			runOnlyForDeploymentPostprocessing = 0;
		};
/* End PBXResourcesBuildPhase section */

/* Begin PBXShellScriptBuildPhase section */
		1B94AEEE54BAAD180412999B /* [CP] Embed Pods Frameworks */ = {
			isa = PBXShellScriptBuildPhase;
			buildActionMask = 2147483647;
			files = (
			);
			inputPaths = (
			);
			name = "[CP] Embed Pods Frameworks";
			outputPaths = (
			);
			runOnlyForDeploymentPostprocessing = 0;
			shellPath = /bin/sh;
			shellScript = "\"${SRCROOT}/Pods/Target Support Files/Pods-RSAutoWebViewTests/Pods-RSAutoWebViewTests-frameworks.sh\"\n";
			showEnvVarsInLog = 0;
		};
		2E955D96C350F0AE431DAA17 /* [CP] Embed Pods Frameworks */ = {
			isa = PBXShellScriptBuildPhase;
			buildActionMask = 2147483647;
			files = (
			);
			inputPaths = (
			);
			name = "[CP] Embed Pods Frameworks";
			outputPaths = (
			);
			runOnlyForDeploymentPostprocessing = 0;
			shellPath = /bin/sh;
			shellScript = "\"${SRCROOT}/Pods/Target Support Files/Pods-RSAutoWebViewUITests/Pods-RSAutoWebViewUITests-frameworks.sh\"\n";
			showEnvVarsInLog = 0;
		};
		992F286B3287EA22DE67B8FB /* [CP] Check Pods Manifest.lock */ = {
			isa = PBXShellScriptBuildPhase;
			buildActionMask = 2147483647;
			files = (
			);
			inputPaths = (
				"${PODS_PODFILE_DIR_PATH}/Podfile.lock",
				"${PODS_ROOT}/Manifest.lock",
			);
			name = "[CP] Check Pods Manifest.lock";
			outputPaths = (
				"$(DERIVED_FILE_DIR)/Pods-RSAutoWebViewUITests-checkManifestLockResult.txt",
			);
			runOnlyForDeploymentPostprocessing = 0;
			shellPath = /bin/sh;
			shellScript = "diff \"${PODS_PODFILE_DIR_PATH}/Podfile.lock\" \"${PODS_ROOT}/Manifest.lock\" > /dev/null\nif [ $? != 0 ] ; then\n    # print error to STDERR\n    echo \"error: The sandbox is not in sync with the Podfile.lock. Run 'pod install' or update your CocoaPods installation.\" >&2\n    exit 1\nfi\n# This output is used by Xcode 'outputs' to avoid re-running this script phase.\necho \"SUCCESS\" > \"${SCRIPT_OUTPUT_FILE_0}\"\n";
			showEnvVarsInLog = 0;
		};
		9C9C7B3BF8D40CE4A2D3ED9D /* [CP] Check Pods Manifest.lock */ = {
			isa = PBXShellScriptBuildPhase;
			buildActionMask = 2147483647;
			files = (
			);
			inputPaths = (
				"${PODS_PODFILE_DIR_PATH}/Podfile.lock",
				"${PODS_ROOT}/Manifest.lock",
			);
			name = "[CP] Check Pods Manifest.lock";
			outputPaths = (
				"$(DERIVED_FILE_DIR)/Pods-RSAutoWebView-checkManifestLockResult.txt",
			);
			runOnlyForDeploymentPostprocessing = 0;
			shellPath = /bin/sh;
			shellScript = "diff \"${PODS_PODFILE_DIR_PATH}/Podfile.lock\" \"${PODS_ROOT}/Manifest.lock\" > /dev/null\nif [ $? != 0 ] ; then\n    # print error to STDERR\n    echo \"error: The sandbox is not in sync with the Podfile.lock. Run 'pod install' or update your CocoaPods installation.\" >&2\n    exit 1\nfi\n# This output is used by Xcode 'outputs' to avoid re-running this script phase.\necho \"SUCCESS\" > \"${SCRIPT_OUTPUT_FILE_0}\"\n";
			showEnvVarsInLog = 0;
		};
		A5697F3A8CA6E62B6CE2E497 /* [CP] Check Pods Manifest.lock */ = {
			isa = PBXShellScriptBuildPhase;
			buildActionMask = 2147483647;
			files = (
			);
			inputPaths = (
				"${PODS_PODFILE_DIR_PATH}/Podfile.lock",
				"${PODS_ROOT}/Manifest.lock",
			);
			name = "[CP] Check Pods Manifest.lock";
			outputPaths = (
				"$(DERIVED_FILE_DIR)/Pods-RSAutoWebViewTests-checkManifestLockResult.txt",
			);
			runOnlyForDeploymentPostprocessing = 0;
			shellPath = /bin/sh;
			shellScript = "diff \"${PODS_PODFILE_DIR_PATH}/Podfile.lock\" \"${PODS_ROOT}/Manifest.lock\" > /dev/null\nif [ $? != 0 ] ; then\n    # print error to STDERR\n    echo \"error: The sandbox is not in sync with the Podfile.lock. Run 'pod install' or update your CocoaPods installation.\" >&2\n    exit 1\nfi\n# This output is used by Xcode 'outputs' to avoid re-running this script phase.\necho \"SUCCESS\" > \"${SCRIPT_OUTPUT_FILE_0}\"\n";
			showEnvVarsInLog = 0;
		};
		F15C555CB44709B52BF65C0C /* [CP] Copy Pods Resources */ = {
			isa = PBXShellScriptBuildPhase;
			buildActionMask = 2147483647;
			files = (
			);
			inputPaths = (
			);
			name = "[CP] Copy Pods Resources";
			outputPaths = (
			);
			runOnlyForDeploymentPostprocessing = 0;
			shellPath = /bin/sh;
			shellScript = "\"${SRCROOT}/Pods/Target Support Files/Pods-RSAutoWebViewUITests/Pods-RSAutoWebViewUITests-resources.sh\"\n";
			showEnvVarsInLog = 0;
		};
		F870189B86EB2937A1792609 /* [CP] Copy Pods Resources */ = {
			isa = PBXShellScriptBuildPhase;
			buildActionMask = 2147483647;
			files = (
			);
			inputPaths = (
			);
			name = "[CP] Copy Pods Resources";
			outputPaths = (
			);
			runOnlyForDeploymentPostprocessing = 0;
			shellPath = /bin/sh;
			shellScript = "\"${SRCROOT}/Pods/Target Support Files/Pods-RSAutoWebViewTests/Pods-RSAutoWebViewTests-resources.sh\"\n";
			showEnvVarsInLog = 0;
		};
		FBD370089280BE343D1FFA95 /* [CP] Copy Pods Resources */ = {
			isa = PBXShellScriptBuildPhase;
			buildActionMask = 2147483647;
			files = (
			);
			inputPaths = (
				"${SRCROOT}/Pods/Target Support Files/Pods-RSAutoWebView/Pods-RSAutoWebView-resources.sh",
				"${PODS_ROOT}/SVProgressHUD/SVProgressHUD/SVProgressHUD.bundle",
			);
			name = "[CP] Copy Pods Resources";
			outputPaths = (
				"${TARGET_BUILD_DIR}/${UNLOCALIZED_RESOURCES_FOLDER_PATH}/SVProgressHUD.bundle",
			);
			runOnlyForDeploymentPostprocessing = 0;
			shellPath = /bin/sh;
			shellScript = "\"${SRCROOT}/Pods/Target Support Files/Pods-RSAutoWebView/Pods-RSAutoWebView-resources.sh\"\n";
			showEnvVarsInLog = 0;
		};
		FF27842061697639DF78AA8B /* [CP] Embed Pods Frameworks */ = {
			isa = PBXShellScriptBuildPhase;
			buildActionMask = 2147483647;
			files = (
			);
			inputPaths = (
			);
			name = "[CP] Embed Pods Frameworks";
			outputPaths = (
			);
			runOnlyForDeploymentPostprocessing = 0;
			shellPath = /bin/sh;
			shellScript = "\"${SRCROOT}/Pods/Target Support Files/Pods-RSAutoWebView/Pods-RSAutoWebView-frameworks.sh\"\n";
			showEnvVarsInLog = 0;
		};
/* End PBXShellScriptBuildPhase section */

/* Begin PBXSourcesBuildPhase section */
		34466A331EEA89C9005FF082 /* Sources */ = {
			isa = PBXSourcesBuildPhase;
			buildActionMask = 2147483647;
			files = (
				34DCADEE1F06204B0034F681 /* RSAutoWebView.m in Sources */,
				3458B2C61F4C1A5F0074D2E8 /* SonicOfflineCacheConnection.m in Sources */,
				3458B2B81F4C1A4F0074D2E8 /* SonicSession.m in Sources */,
				3458B2B61F4C1A4F0074D2E8 /* SonicClient.m in Sources */,
				3458B2B91F4C1A4F0074D2E8 /* SonicUitil.m in Sources */,
				3458B2B41F4C1A4F0074D2E8 /* SonicCache.m in Sources */,
				34DCADF01F06204B0034F681 /* RSUWWebViewProgress.m in Sources */,
				34B53F4A1F0E2DA400B83901 /* TableViewController.m in Sources */,
				34DCADEF1F06204B0034F681 /* RSWKCookieSyncManager.m in Sources */,
				3458B2C51F4C1A5F0074D2E8 /* SonicJSContext.m in Sources */,
				3458B2B51F4C1A4F0074D2E8 /* SonicCacheItem.m in Sources */,
				34466A3F1EEA89C9005FF082 /* AppDelegate.m in Sources */,
				3458B2B71F4C1A4F0074D2E8 /* SonicConnection.m in Sources */,
				34466A3C1EEA89C9005FF082 /* main.m in Sources */,
				3458B2BA1F4C1A4F0074D2E8 /* SonicURLProtocol.m in Sources */,
				3458B2C71F4C1A5F0074D2E8 /* SonicWebViewController.m in Sources */,
				34DCADF71F0620680034F681 /* QZBaseWebViewController.m in Sources */,
			);
			runOnlyForDeploymentPostprocessing = 0;
		};
		34466A4C1EEA89CA005FF082 /* Sources */ = {
			isa = PBXSourcesBuildPhase;
			buildActionMask = 2147483647;
			files = (
				34466A551EEA89CA005FF082 /* RSAutoWebViewTests.m in Sources */,
			);
			runOnlyForDeploymentPostprocessing = 0;
		};
		34466A571EEA89CA005FF082 /* Sources */ = {
			isa = PBXSourcesBuildPhase;
			buildActionMask = 2147483647;
			files = (
				34466A601EEA89CA005FF082 /* RSAutoWebViewUITests.m in Sources */,
			);
			runOnlyForDeploymentPostprocessing = 0;
		};
/* End PBXSourcesBuildPhase section */

/* Begin PBXTargetDependency section */
		34466A521EEA89CA005FF082 /* PBXTargetDependency */ = {
			isa = PBXTargetDependency;
			target = 34466A361EEA89C9005FF082 /* RSAutoWebView */;
			targetProxy = 34466A511EEA89CA005FF082 /* PBXContainerItemProxy */;
		};
		34466A5D1EEA89CA005FF082 /* PBXTargetDependency */ = {
			isa = PBXTargetDependency;
			target = 34466A361EEA89C9005FF082 /* RSAutoWebView */;
			targetProxy = 34466A5C1EEA89CA005FF082 /* PBXContainerItemProxy */;
		};
/* End PBXTargetDependency section */

/* Begin PBXVariantGroup section */
		34466A431EEA89C9005FF082 /* Main.storyboard */ = {
			isa = PBXVariantGroup;
			children = (
				34466A441EEA89C9005FF082 /* Base */,
			);
			name = Main.storyboard;
			sourceTree = "<group>";
		};
		34466A481EEA89C9005FF082 /* LaunchScreen.storyboard */ = {
			isa = PBXVariantGroup;
			children = (
				34466A491EEA89C9005FF082 /* Base */,
			);
			name = LaunchScreen.storyboard;
			sourceTree = "<group>";
		};
/* End PBXVariantGroup section */

/* Begin XCBuildConfiguration section */
		34466A621EEA89CA005FF082 /* Debug */ = {
			isa = XCBuildConfiguration;
			buildSettings = {
				ALWAYS_SEARCH_USER_PATHS = NO;
				CLANG_ANALYZER_NONNULL = YES;
				CLANG_ANALYZER_NUMBER_OBJECT_CONVERSION = YES_AGGRESSIVE;
				CLANG_CXX_LANGUAGE_STANDARD = "gnu++0x";
				CLANG_CXX_LIBRARY = "libc++";
				CLANG_ENABLE_MODULES = YES;
				CLANG_ENABLE_OBJC_ARC = YES;
				CLANG_WARN_BOOL_CONVERSION = YES;
				CLANG_WARN_CONSTANT_CONVERSION = YES;
				CLANG_WARN_DIRECT_OBJC_ISA_USAGE = YES_ERROR;
				CLANG_WARN_DOCUMENTATION_COMMENTS = YES;
				CLANG_WARN_EMPTY_BODY = YES;
				CLANG_WARN_ENUM_CONVERSION = YES;
				CLANG_WARN_INFINITE_RECURSION = YES;
				CLANG_WARN_INT_CONVERSION = YES;
				CLANG_WARN_OBJC_ROOT_CLASS = YES_ERROR;
				CLANG_WARN_SUSPICIOUS_MOVE = YES;
				CLANG_WARN_UNREACHABLE_CODE = YES;
				CLANG_WARN__DUPLICATE_METHOD_MATCH = YES;
				"CODE_SIGN_IDENTITY[sdk=iphoneos*]" = "iPhone Developer";
				COPY_PHASE_STRIP = NO;
				DEBUG_INFORMATION_FORMAT = dwarf;
				ENABLE_STRICT_OBJC_MSGSEND = YES;
				ENABLE_TESTABILITY = YES;
				GCC_C_LANGUAGE_STANDARD = gnu99;
				GCC_DYNAMIC_NO_PIC = NO;
				GCC_NO_COMMON_BLOCKS = YES;
				GCC_OPTIMIZATION_LEVEL = 0;
				GCC_PREPROCESSOR_DEFINITIONS = (
					"DEBUG=1",
					"$(inherited)",
				);
				GCC_WARN_64_TO_32_BIT_CONVERSION = YES;
				GCC_WARN_ABOUT_RETURN_TYPE = YES_ERROR;
				GCC_WARN_UNDECLARED_SELECTOR = YES;
				GCC_WARN_UNINITIALIZED_AUTOS = YES_AGGRESSIVE;
				GCC_WARN_UNUSED_FUNCTION = YES;
				GCC_WARN_UNUSED_VARIABLE = YES;
				IPHONEOS_DEPLOYMENT_TARGET = 10.3;
				MTL_ENABLE_DEBUG_INFO = YES;
				ONLY_ACTIVE_ARCH = YES;
				SDKROOT = iphoneos;
			};
			name = Debug;
		};
		34466A631EEA89CA005FF082 /* Release */ = {
			isa = XCBuildConfiguration;
			buildSettings = {
				ALWAYS_SEARCH_USER_PATHS = NO;
				CLANG_ANALYZER_NONNULL = YES;
				CLANG_ANALYZER_NUMBER_OBJECT_CONVERSION = YES_AGGRESSIVE;
				CLANG_CXX_LANGUAGE_STANDARD = "gnu++0x";
				CLANG_CXX_LIBRARY = "libc++";
				CLANG_ENABLE_MODULES = YES;
				CLANG_ENABLE_OBJC_ARC = YES;
				CLANG_WARN_BOOL_CONVERSION = YES;
				CLANG_WARN_CONSTANT_CONVERSION = YES;
				CLANG_WARN_DIRECT_OBJC_ISA_USAGE = YES_ERROR;
				CLANG_WARN_DOCUMENTATION_COMMENTS = YES;
				CLANG_WARN_EMPTY_BODY = YES;
				CLANG_WARN_ENUM_CONVERSION = YES;
				CLANG_WARN_INFINITE_RECURSION = YES;
				CLANG_WARN_INT_CONVERSION = YES;
				CLANG_WARN_OBJC_ROOT_CLASS = YES_ERROR;
				CLANG_WARN_SUSPICIOUS_MOVE = YES;
				CLANG_WARN_UNREACHABLE_CODE = YES;
				CLANG_WARN__DUPLICATE_METHOD_MATCH = YES;
				"CODE_SIGN_IDENTITY[sdk=iphoneos*]" = "iPhone Developer";
				COPY_PHASE_STRIP = NO;
				DEBUG_INFORMATION_FORMAT = "dwarf-with-dsym";
				ENABLE_NS_ASSERTIONS = NO;
				ENABLE_STRICT_OBJC_MSGSEND = YES;
				GCC_C_LANGUAGE_STANDARD = gnu99;
				GCC_NO_COMMON_BLOCKS = YES;
				GCC_WARN_64_TO_32_BIT_CONVERSION = YES;
				GCC_WARN_ABOUT_RETURN_TYPE = YES_ERROR;
				GCC_WARN_UNDECLARED_SELECTOR = YES;
				GCC_WARN_UNINITIALIZED_AUTOS = YES_AGGRESSIVE;
				GCC_WARN_UNUSED_FUNCTION = YES;
				GCC_WARN_UNUSED_VARIABLE = YES;
				IPHONEOS_DEPLOYMENT_TARGET = 10.3;
				MTL_ENABLE_DEBUG_INFO = NO;
				SDKROOT = iphoneos;
				VALIDATE_PRODUCT = YES;
			};
			name = Release;
		};
		34466A651EEA89CA005FF082 /* Debug */ = {
			isa = XCBuildConfiguration;
			baseConfigurationReference = 497F97AD4902D7F994EFEF6A /* Pods-RSAutoWebView.debug.xcconfig */;
			buildSettings = {
				ASSETCATALOG_COMPILER_APPICON_NAME = AppIcon;
				DEVELOPMENT_TEAM = 7QT42R489Z;
				INFOPLIST_FILE = RSAutoWebView/Info.plist;
				IPHONEOS_DEPLOYMENT_TARGET = 8.0;
				LD_RUNPATH_SEARCH_PATHS = "$(inherited) @executable_path/Frameworks";
				PRODUCT_BUNDLE_IDENTIFIER = R.S.RSAutoWebView;
				PRODUCT_NAME = "$(TARGET_NAME)";
			};
			name = Debug;
		};
		34466A661EEA89CA005FF082 /* Release */ = {
			isa = XCBuildConfiguration;
			baseConfigurationReference = C28BE0F9CB84CE5785265CD8 /* Pods-RSAutoWebView.release.xcconfig */;
			buildSettings = {
				ASSETCATALOG_COMPILER_APPICON_NAME = AppIcon;
				DEVELOPMENT_TEAM = 7QT42R489Z;
				INFOPLIST_FILE = RSAutoWebView/Info.plist;
				IPHONEOS_DEPLOYMENT_TARGET = 8.0;
				LD_RUNPATH_SEARCH_PATHS = "$(inherited) @executable_path/Frameworks";
				PRODUCT_BUNDLE_IDENTIFIER = R.S.RSAutoWebView;
				PRODUCT_NAME = "$(TARGET_NAME)";
			};
			name = Release;
		};
		34466A681EEA89CA005FF082 /* Debug */ = {
			isa = XCBuildConfiguration;
			baseConfigurationReference = 2F53A89590FF024F80E82289 /* Pods-RSAutoWebViewTests.debug.xcconfig */;
			buildSettings = {
				BUNDLE_LOADER = "$(TEST_HOST)";
				INFOPLIST_FILE = RSAutoWebViewTests/Info.plist;
				LD_RUNPATH_SEARCH_PATHS = "$(inherited) @executable_path/Frameworks @loader_path/Frameworks";
				PRODUCT_BUNDLE_IDENTIFIER = R.S.RSAutoWebViewTests;
				PRODUCT_NAME = "$(TARGET_NAME)";
				TEST_HOST = "$(BUILT_PRODUCTS_DIR)/RSAutoWebView.app/RSAutoWebView";
			};
			name = Debug;
		};
		34466A691EEA89CA005FF082 /* Release */ = {
			isa = XCBuildConfiguration;
			baseConfigurationReference = 2EA72C7F6CC8792F7604B6E7 /* Pods-RSAutoWebViewTests.release.xcconfig */;
			buildSettings = {
				BUNDLE_LOADER = "$(TEST_HOST)";
				INFOPLIST_FILE = RSAutoWebViewTests/Info.plist;
				LD_RUNPATH_SEARCH_PATHS = "$(inherited) @executable_path/Frameworks @loader_path/Frameworks";
				PRODUCT_BUNDLE_IDENTIFIER = R.S.RSAutoWebViewTests;
				PRODUCT_NAME = "$(TARGET_NAME)";
				TEST_HOST = "$(BUILT_PRODUCTS_DIR)/RSAutoWebView.app/RSAutoWebView";
			};
			name = Release;
		};
		34466A6B1EEA89CA005FF082 /* Debug */ = {
			isa = XCBuildConfiguration;
			baseConfigurationReference = B73D7D40C5E24E90E1E5F338 /* Pods-RSAutoWebViewUITests.debug.xcconfig */;
			buildSettings = {
				INFOPLIST_FILE = RSAutoWebViewUITests/Info.plist;
				LD_RUNPATH_SEARCH_PATHS = "$(inherited) @executable_path/Frameworks @loader_path/Frameworks";
				PRODUCT_BUNDLE_IDENTIFIER = R.S.RSAutoWebViewUITests;
				PRODUCT_NAME = "$(TARGET_NAME)";
				TEST_TARGET_NAME = RSAutoWebView;
			};
			name = Debug;
		};
		34466A6C1EEA89CA005FF082 /* Release */ = {
			isa = XCBuildConfiguration;
			baseConfigurationReference = 7067E46E63B1ACF5E406875A /* Pods-RSAutoWebViewUITests.release.xcconfig */;
			buildSettings = {
				INFOPLIST_FILE = RSAutoWebViewUITests/Info.plist;
				LD_RUNPATH_SEARCH_PATHS = "$(inherited) @executable_path/Frameworks @loader_path/Frameworks";
				PRODUCT_BUNDLE_IDENTIFIER = R.S.RSAutoWebViewUITests;
				PRODUCT_NAME = "$(TARGET_NAME)";
				TEST_TARGET_NAME = RSAutoWebView;
			};
			name = Release;
		};
/* End XCBuildConfiguration section */

/* Begin XCConfigurationList section */
		34466A321EEA89C9005FF082 /* Build configuration list for PBXProject "RSAutoWebView" */ = {
			isa = XCConfigurationList;
			buildConfigurations = (
				34466A621EEA89CA005FF082 /* Debug */,
				34466A631EEA89CA005FF082 /* Release */,
			);
			defaultConfigurationIsVisible = 0;
			defaultConfigurationName = Release;
		};
		34466A641EEA89CA005FF082 /* Build configuration list for PBXNativeTarget "RSAutoWebView" */ = {
			isa = XCConfigurationList;
			buildConfigurations = (
				34466A651EEA89CA005FF082 /* Debug */,
				34466A661EEA89CA005FF082 /* Release */,
			);
			defaultConfigurationIsVisible = 0;
			defaultConfigurationName = Release;
		};
		34466A671EEA89CA005FF082 /* Build configuration list for PBXNativeTarget "RSAutoWebViewTests" */ = {
			isa = XCConfigurationList;
			buildConfigurations = (
				34466A681EEA89CA005FF082 /* Debug */,
				34466A691EEA89CA005FF082 /* Release */,
			);
			defaultConfigurationIsVisible = 0;
			defaultConfigurationName = Release;
		};
		34466A6A1EEA89CA005FF082 /* Build configuration list for PBXNativeTarget "RSAutoWebViewUITests" */ = {
			isa = XCConfigurationList;
			buildConfigurations = (
				34466A6B1EEA89CA005FF082 /* Debug */,
				34466A6C1EEA89CA005FF082 /* Release */,
			);
			defaultConfigurationIsVisible = 0;
			defaultConfigurationName = Release;
		};
/* End XCConfigurationList section */
	};
	rootObject = 34466A2F1EEA89C9005FF082 /* Project object */;
}
